{
  "name": "jsonrule",
  "version": "1.0.0",
  "lockfileVersion": 1,
  "requires": true,
  "dependencies": {
    "clone": {
      "version": "2.1.2",
      "resolved": "https://registry.npmjs.org/clone/-/clone-2.1.2.tgz",
      "integrity": "sha512-3Pe/CF1Nn94hyhIYpjtiLhdCoEoz0DqQ+988E9gmeEdQZlojxnOb74wctFyuwWQHzqyf9X7C7MG8juUpqBJT8w=="
    },
    "eventemitter2": {
      "version": "6.4.7",
      "resolved": "https://registry.npmjs.org/eventemitter2/-/eventemitter2-6.4.7.tgz",
      "integrity": "sha512-tYUSVOGeQPKt/eC1ABfhHy5Xd96N3oIijJvN3O9+TsC28T5V9yX9oEfEK5faP0EFSNVOG97qtAS68GBrQB2hDg=="
    },
    "hash-it": {
      "version": "5.0.2",
      "resolved": "https://registry.npmjs.org/hash-it/-/hash-it-5.0.2.tgz",
      "integrity": "sha512-csU3E/a9QEmEgPPxoShVuMcFWM329IGioEPRvYVBv3r5BFrU8pCfnk3jGEVvriAcwqd+nl6KsNhPPjg8MUzkhQ=="
    },
    "json-rules-engine": {
      "version": "6.1.2",
      "resolved": "https://registry.npmjs.org/json-rules-engine/-/json-rules-engine-6.1.2.tgz",
      "integrity": "sha512-+rtKuJ33HAvFywL9broh42FA9hkZNmS0l1DmgjP7nfGJ9E2i2IsfNH0BcXjyXianp/bXAyYlsSv308AfTuvBwQ==",
      "requires": {
        "clone": "^2.1.2",
        "eventemitter2": "^6.4.4",
        "hash-it": "^5.0.0",
        "jsonpath-plus": "^5.0.7",
        "lodash.isobjectlike": "^4.0.0"
      }
    },
    "jsonpath-plus": {
      "version": "5.1.0",
      "resolved": "https://registry.npmjs.org/jsonpath-plus/-/jsonpath-plus-5.1.0.tgz",
      "integrity": "sha512-890w2Pjtj0iswAxalRlt2kHthi6HKrXEfZcn+ZNZptv7F3rUGIeDuZo+C+h4vXBHLEsVjJrHeCm35nYeZLzSBQ=="
    },
    "lodash.isobjectlike": {
      "version": "4.0.0",
      "resolved": "https://registry.npmjs.org/lodash.isobjectlike/-/lodash.isobjectlike-4.0.0.tgz",
      "integrity": "sha512-bbRt0Dief0yqjkTgpvzisSxnsmY3ZgVJvokHL30UE+ytsvnpNfiNaCJL4XBEWek8koQmrwZidBHb7coXC5vXlA=="
    }
  }
}
